# This file is generated by running "yarn install" inside your project.
# Manual changes might be lost - proceed with caution!

__metadata:
  version: 6
  cacheKey: 8

"@prisma/client@npm:^4.9.0":
  version: 4.9.0
  resolution: "@prisma/client@npm:4.9.0"
  dependencies:
    "@prisma/engines-version": 4.9.0-42.ceb5c99003b99c9ee2c1d2e618e359c14aef2ea5
  peerDependencies:
    prisma: "*"
  peerDependenciesMeta:
    prisma:
      optional: true
  checksum: 54c4fc3fde67d21567ead0e22e66d3258c2045f274b465781b89e4f258f1a6431c4c83e3371e71661f2c7ccdf4cf24169002e40e378c7384f99aefe8dfb81be1
  languageName: node
  linkType: hard

"@prisma/engines-version@npm:4.9.0-42.ceb5c99003b99c9ee2c1d2e618e359c14aef2ea5":
  version: 4.9.0-42.ceb5c99003b99c9ee2c1d2e618e359c14aef2ea5
  resolution: "@prisma/engines-version@npm:4.9.0-42.ceb5c99003b99c9ee2c1d2e618e359c14aef2ea5"
  checksum: b7b1a41acd8c761ea8111e0d9562623d0735c58546594626de1bd4b35e09122f210e0c4727aa0775b53e5222d8ed1c0fa822e0a8c4ba72271e854532f52a2416
  languageName: node
  linkType: hard

"@prisma/engines@npm:4.9.0":
  version: 4.9.0
  resolution: "@prisma/engines@npm:4.9.0"
  checksum: b73306b3e34ebb544f797342cb594f4a73602c6e63961e31e9158f02afdfc209f2cc1d59ae87cbb0165b3dff58eaa145c601ac2a1cfc460e8e439cea8425a3ed
  languageName: node
  linkType: hard

"prisma@npm:^4.9.0":
  version: 4.9.0
  resolution: "prisma@npm:4.9.0"
  dependencies:
    "@prisma/engines": 4.9.0
  bin:
    prisma: build/index.js
    prisma2: build/index.js
  checksum: 82f680008a61824a40f3daae9e0e5766f33d28c6641d04e0ee0918c2cb42110579187f3fce2d08ec8baa1124b3115229e9d83d7f64987bf46f6403f56b07e711
  languageName: node
  linkType: hard

"root-workspace-0b6124@workspace:.":
  version: 0.0.0-use.local
  resolution: "root-workspace-0b6124@workspace:."
  dependencies:
    "@prisma/client": ^4.9.0
    prisma: ^4.9.0
  languageName: unknown
  linkType: soft
